
Microsoft Visual Studio Solution File, Format Version 12.00
# Visual Studio Version 16
VisualStudioVersion = 16.0.30717.126
MinimumVisualStudioVersion = 10.0.40219.1
Project("{FAE04EC0-301F-11D3-BF4B-00C04F79EFBC}") = "ClientGestion", "ClientGestion.csproj", "{22044B11-B97E-4297-A6B0-8C396BE59C12}"
EndProject
Global
	GlobalSection(SolutionConfigurationPlatforms) = preSolution
		Debug|Any CPU = Debug|Any CPU
		Release|Any CPU = Release|Any CPU
	EndGlobalSection
	GlobalSection(ProjectConfigurationPlatforms) = postSolution
		{22044B11-B97E-4297-A6B0-8C396BE59C12}.Debug|Any CPU.ActiveCfg = Debug|Any CPU
		{22044B11-B97E-4297-A6B0-8C396BE59C12}.Debug|Any CPU.Build.0 = Debug|Any CPU
		{22044B11-B97E-4297-A6B0-8C396BE59C12}.Release|Any CPU.ActiveCfg = Release|Any CPU
		{22044B11-B97E-4297-A6B0-8C396BE59C12}.Release|Any CPU.Build.0 = Release|Any CPU
	EndGlobalSection
	GlobalSection(SolutionProperties) = preSolution
		HideSolutionNode = FALSE
	EndGlobalSection
	GlobalSection(ExtensibilityGlobals) = postSolution
		SolutionGuid = {54D400CC-4D76-4B85-9588-5C2220053F20}
	EndGlobalSection
EndGlobal
